
Microsoft Visual Studio Solution File, Format Version 12.00
# Visual Studio Version 17
VisualStudioVersion = 17.0.31717.71
MinimumVisualStudioVersion = 10.0.40219.1
Project("{FAE04EC0-301F-11D3-BF4B-00C04F79EFBC}") = "BlobLab.Backend", "src\BlobLab.Backend\BlobLab.Backend.csproj", "{3DA34695-22B3-49C6-98AD-6596BD686E64}"
EndProject
Project("{54A90642-561A-4BB1-A94E-469ADEE60C69}") = "BlobLab.ClientWeb", "src\BlobLab.ClientWeb\BlobLab.ClientWeb.esproj", "{7AEDFB62-23D5-48B8-9C03-EDE727D9BC33}"
EndProject
Global
	GlobalSection(SolutionConfigurationPlatforms) = preSolution
		Debug|Any CPU = Debug|Any CPU
		Release|Any CPU = Release|Any CPU
	EndGlobalSection
	GlobalSection(ProjectConfigurationPlatforms) = postSolution
		{3DA34695-22B3-49C6-98AD-6596BD686E64}.Debug|Any CPU.ActiveCfg = Debug|Any CPU
		{3DA34695-22B3-49C6-98AD-6596BD686E64}.Debug|Any CPU.Build.0 = Debug|Any CPU
		{3DA34695-22B3-49C6-98AD-6596BD686E64}.Release|Any CPU.ActiveCfg = Release|Any CPU
		{3DA34695-22B3-49C6-98AD-6596BD686E64}.Release|Any CPU.Build.0 = Release|Any CPU
		{7AEDFB62-23D5-48B8-9C03-EDE727D9BC33}.Debug|Any CPU.ActiveCfg = Debug|Any CPU
		{7AEDFB62-23D5-48B8-9C03-EDE727D9BC33}.Debug|Any CPU.Build.0 = Debug|Any CPU
		{7AEDFB62-23D5-48B8-9C03-EDE727D9BC33}.Debug|Any CPU.Deploy.0 = Debug|Any CPU
		{7AEDFB62-23D5-48B8-9C03-EDE727D9BC33}.Release|Any CPU.ActiveCfg = Release|Any CPU
		{7AEDFB62-23D5-48B8-9C03-EDE727D9BC33}.Release|Any CPU.Build.0 = Release|Any CPU
		{7AEDFB62-23D5-48B8-9C03-EDE727D9BC33}.Release|Any CPU.Deploy.0 = Release|Any CPU
	EndGlobalSection
	GlobalSection(SolutionProperties) = preSolution
		HideSolutionNode = FALSE
	EndGlobalSection
	GlobalSection(ExtensibilityGlobals) = postSolution
		SolutionGuid = {084C0060-6C5A-4173-918D-C338A2F339A9}
	EndGlobalSection
EndGlobal
